
Microsoft Visual Studio Solution File, Format Version 12.00
# Visual Studio Version 16
VisualStudioVersion = 16.0.810.20
MinimumVisualStudioVersion = 10.0.40219.1
Project("{FAE04EC0-301F-11D3-BF4B-00C04F79EFBC}") = "SchoolManagement-WebAPI", "SchoolManagement-WebAPI\SchoolManagement-WebAPI.csproj", "{659584EB-177D-48F0-85FC-7FDE7AC93796}"
EndProject
Global
	GlobalSection(SolutionConfigurationPlatforms) = preSolution
		Debug|Any CPU = Debug|Any CPU
		Release|Any CPU = Release|Any CPU
	EndGlobalSection
	GlobalSection(ProjectConfigurationPlatforms) = postSolution
		{659584EB-177D-48F0-85FC-7FDE7AC93796}.Debug|Any CPU.ActiveCfg = Debug|Any CPU
		{659584EB-177D-48F0-85FC-7FDE7AC93796}.Debug|Any CPU.Build.0 = Debug|Any CPU
		{659584EB-177D-48F0-85FC-7FDE7AC93796}.Release|Any CPU.ActiveCfg = Release|Any CPU
		{659584EB-177D-48F0-85FC-7FDE7AC93796}.Release|Any CPU.Build.0 = Release|Any CPU
	EndGlobalSection
	GlobalSection(SolutionProperties) = preSolution
		HideSolutionNode = FALSE
	EndGlobalSection
	GlobalSection(ExtensibilityGlobals) = postSolution
		SolutionGuid = {6CC8BC77-2226-4FEA-A527-584A442EEBA0}
	EndGlobalSection
EndGlobal
